// !$*UTF8*$!
{
	archiveVersion = 1;
	classes = {
	};
	objectVersion = 56;
	objects = {

/* Begin PBXBuildFile section */
		075A35C52BE755C2007A68BC /* Shaders_PracticeApp.swift in Sources */ = {isa = PBXBuildFile; fileRef = 075A35C42BE755C2007A68BC /* Shaders_PracticeApp.swift */; };
		075A35C72BE755C2007A68BC /* ContentView.swift in Sources */ = {isa = PBXBuildFile; fileRef = 075A35C62BE755C2007A68BC /* ContentView.swift */; };
		075A35C92BE755C3007A68BC /* Assets.xcassets in Resources */ = {isa = PBXBuildFile; fileRef = 075A35C82BE755C3007A68BC /* Assets.xcassets */; };
		075A35CD2BE755C3007A68BC /* Preview Assets.xcassets in Resources */ = {isa = PBXBuildFile; fileRef = 075A35CC2BE755C3007A68BC /* Preview Assets.xcassets */; };
		075A35D72BE755C3007A68BC /* Shaders_PracticeTests.swift in Sources */ = {isa = PBXBuildFile; fileRef = 075A35D62BE755C3007A68BC /* Shaders_PracticeTests.swift */; };
		075A35E12BE755C3007A68BC /* Shaders_PracticeUITests.swift in Sources */ = {isa = PBXBuildFile; fileRef = 075A35E02BE755C3007A68BC /* Shaders_PracticeUITests.swift */; };
		075A35E32BE755C3007A68BC /* Shaders_PracticeUITestsLaunchTests.swift in Sources */ = {isa = PBXBuildFile; fileRef = 075A35E22BE755C3007A68BC /* Shaders_PracticeUITestsLaunchTests.swift */; };
/* End PBXBuildFile section */

/* Begin PBXContainerItemProxy section */
		075A35D32BE755C3007A68BC /* PBXContainerItemProxy */ = {
			isa = PBXContainerItemProxy;
			containerPortal = 075A35B92BE755C2007A68BC /* Project object */;
			proxyType = 1;
			remoteGlobalIDString = 075A35C02BE755C2007A68BC;
			remoteInfo = "Shaders Practice";
		};
		075A35DD2BE755C3007A68BC /* PBXContainerItemProxy */ = {
			isa = PBXContainerItemProxy;
			containerPortal = 075A35B92BE755C2007A68BC /* Project object */;
			proxyType = 1;
			remoteGlobalIDString = 075A35C02BE755C2007A68BC;
			remoteInfo = "Shaders Practice";
		};
/* End PBXContainerItemProxy section */

/* Begin PBXFileReference section */
		075A35C12BE755C2007A68BC /* Shaders Practice.app */ = {isa = PBXFileReference; explicitFileType = wrapper.application; includeInIndex = 0; path = "Shaders Practice.app"; sourceTree = BUILT_PRODUCTS_DIR; };
		075A35C42BE755C2007A68BC /* Shaders_PracticeApp.swift */ = {isa = PBXFileReference; lastKnownFileType = sourcecode.swift; path = Shaders_PracticeApp.swift; sourceTree = "<group>"; };
		075A35C62BE755C2007A68BC /* ContentView.swift */ = {isa = PBXFileReference; lastKnownFileType = sourcecode.swift; path = ContentView.swift; sourceTree = "<group>"; };
		075A35C82BE755C3007A68BC /* Assets.xcassets */ = {isa = PBXFileReference; lastKnownFileType = folder.assetcatalog; path = Assets.xcassets; sourceTree = "<group>"; };
		075A35CA2BE755C3007A68BC /* Shaders_Practice.entitlements */ = {isa = PBXFileReference; lastKnownFileType = text.plist.entitlements; path = Shaders_Practice.entitlements; sourceTree = "<group>"; };
		075A35CC2BE755C3007A68BC /* Preview Assets.xcassets */ = {isa = PBXFileReference; lastKnownFileType = folder.assetcatalog; path = "Preview Assets.xcassets"; sourceTree = "<group>"; };
		075A35D22BE755C3007A68BC /* Shaders PracticeTests.xctest */ = {isa = PBXFileReference; explicitFileType = wrapper.cfbundle; includeInIndex = 0; path = "Shaders PracticeTests.xctest"; sourceTree = BUILT_PRODUCTS_DIR; };
		075A35D62BE755C3007A68BC /* Shaders_PracticeTests.swift */ = {isa = PBXFileReference; lastKnownFileType = sourcecode.swift; path = Shaders_PracticeTests.swift; sourceTree = "<group>"; };
		075A35DC2BE755C3007A68BC /* Shaders PracticeUITests.xctest */ = {isa = PBXFileReference; explicitFileType = wrapper.cfbundle; includeInIndex = 0; path = "Shaders PracticeUITests.xctest"; sourceTree = BUILT_PRODUCTS_DIR; };
		075A35E02BE755C3007A68BC /* Shaders_PracticeUITests.swift */ = {isa = PBXFileReference; lastKnownFileType = sourcecode.swift; path = Shaders_PracticeUITests.swift; sourceTree = "<group>"; };
		075A35E22BE755C3007A68BC /* Shaders_PracticeUITestsLaunchTests.swift */ = {isa = PBXFileReference; lastKnownFileType = sourcecode.swift; path = Shaders_PracticeUITestsLaunchTests.swift; sourceTree = "<group>"; };
/* End PBXFileReference section */

/* Begin PBXFrameworksBuildPhase section */
		075A35BE2BE755C2007A68BC /* Frameworks */ = {
			isa = PBXFrameworksBuildPhase;
			buildActionMask = 2147483647;
			files = (
			);
			runOnlyForDeploymentPostprocessing = 0;
		};
		075A35CF2BE755C3007A68BC /* Frameworks */ = {
			isa = PBXFrameworksBuildPhase;
			buildActionMask = 2147483647;
			files = (
			);
			runOnlyForDeploymentPostprocessing = 0;
		};
		075A35D92BE755C3007A68BC /* Frameworks */ = {
			isa = PBXFrameworksBuildPhase;
			buildActionMask = 2147483647;
			files = (
			);
			runOnlyForDeploymentPostprocessing = 0;
		};
/* End PBXFrameworksBuildPhase section */

/* Begin PBXGroup section */
		075A35B82BE755C2007A68BC = {
			isa = PBXGroup;
			children = (
				075A35C32BE755C2007A68BC /* Shaders Practice */,
				075A35D52BE755C3007A68BC /* Shaders PracticeTests */,
				075A35DF2BE755C3007A68BC /* Shaders PracticeUITests */,
				075A35C22BE755C2007A68BC /* Products */,
			);
			sourceTree = "<group>";
		};
		075A35C22BE755C2007A68BC /* Products */ = {
			isa = PBXGroup;
			children = (
				075A35C12BE755C2007A68BC /* Shaders Practice.app */,
				075A35D22BE755C3007A68BC /* Shaders PracticeTests.xctest */,
				075A35DC2BE755C3007A68BC /* Shaders PracticeUITests.xctest */,
			);
			name = Products;
			sourceTree = "<group>";
		};
		075A35C32BE755C2007A68BC /* Shaders Practice */ = {
			isa = PBXGroup;
			children = (
				075A35C42BE755C2007A68BC /* Shaders_PracticeApp.swift */,
				075A35C62BE755C2007A68BC /* ContentView.swift */,
				075A35C82BE755C3007A68BC /* Assets.xcassets */,
				075A35CA2BE755C3007A68BC /* Shaders_Practice.entitlements */,
				075A35CB2BE755C3007A68BC /* Preview Content */,
			);
			path = "Shaders Practice";
			sourceTree = "<group>";
		};
		075A35CB2BE755C3007A68BC /* Preview Content */ = {
			isa = PBXGroup;
			children = (
				075A35CC2BE755C3007A68BC /* Preview Assets.xcassets */,
			);
			path = "Preview Content";
			sourceTree = "<group>";
		};
		075A35D52BE755C3007A68BC /* Shaders PracticeTests */ = {
			isa = PBXGroup;
			children = (
				075A35D62BE755C3007A68BC /* Shaders_PracticeTests.swift */,
			);
			path = "Shaders PracticeTests";
			sourceTree = "<group>";
		};
		075A35DF2BE755C3007A68BC /* Shaders PracticeUITests */ = {
			isa = PBXGroup;
			children = (
				075A35E02BE755C3007A68BC /* Shaders_PracticeUITests.swift */,
				075A35E22BE755C3007A68BC /* Shaders_PracticeUITestsLaunchTests.swift */,
			);
			path = "Shaders PracticeUITests";
			sourceTree = "<group>";
		};
/* End PBXGroup section */

/* Begin PBXNativeTarget section */
		075A35C02BE755C2007A68BC /* Shaders Practice */ = {
			isa = PBXNativeTarget;
			buildConfigurationList = 075A35E62BE755C3007A68BC /* Build configuration list for PBXNativeTarget "Shaders Practice" */;
			buildPhases = (
				075A35BD2BE755C2007A68BC /* Sources */,
				075A35BE2BE755C2007A68BC /* Frameworks */,
				075A35BF2BE755C2007A68BC /* Resources */,
			);
			buildRules = (
			);
			dependencies = (
			);
			name = "Shaders Practice";
			productName = "Shaders Practice";
			productReference = 075A35C12BE755C2007A68BC /* Shaders Practice.app */;
			productType = "com.apple.product-type.application";
		};
		075A35D12BE755C3007A68BC /* Shaders PracticeTests */ = {
			isa = PBXNativeTarget;
			buildConfigurationList = 075A35E92BE755C3007A68BC /* Build configuration list for PBXNativeTarget "Shaders PracticeTests" */;
			buildPhases = (
				075A35CE2BE755C3007A68BC /* Sources */,
				075A35CF2BE755C3007A68BC /* Frameworks */,
				075A35D02BE755C3007A68BC /* Resources */,
			);
			buildRules = (
			);
			dependencies = (
				075A35D42BE755C3007A68BC /* PBXTargetDependency */,
			);
			name = "Shaders PracticeTests";
			productName = "Shaders PracticeTests";
			productReference = 075A35D22BE755C3007A68BC /* Shaders PracticeTests.xctest */;
			productType = "com.apple.product-type.bundle.unit-test";
		};
		075A35DB2BE755C3007A68BC /* Shaders PracticeUITests */ = {
			isa = PBXNativeTarget;
			buildConfigurationList = 075A35EC2BE755C3007A68BC /* Build configuration list for PBXNativeTarget "Shaders PracticeUITests" */;
			buildPhases = (
				075A35D82BE755C3007A68BC /* Sources */,
				075A35D92BE755C3007A68BC /* Frameworks */,
				075A35DA2BE755C3007A68BC /* Resources */,
			);
			buildRules = (
			);
			dependencies = (
				075A35DE2BE755C3007A68BC /* PBXTargetDependency */,
			);
			name = "Shaders PracticeUITests";
			productName = "Shaders PracticeUITests";
			productReference = 075A35DC2BE755C3007A68BC /* Shaders PracticeUITests.xctest */;
			productType = "com.apple.product-type.bundle.ui-testing";
		};
/* End PBXNativeTarget section */

/* Begin PBXProject section */
		075A35B92BE755C2007A68BC /* Project object */ = {
			isa = PBXProject;
			attributes = {
				BuildIndependentTargetsInParallel = 1;
				LastSwiftUpdateCheck = 1530;
				LastUpgradeCheck = 1530;
				TargetAttributes = {
					075A35C02BE755C2007A68BC = {
						CreatedOnToolsVersion = 15.3;
					};
					075A35D12BE755C3007A68BC = {
						CreatedOnToolsVersion = 15.3;
						TestTargetID = 075A35C02BE755C2007A68BC;
					};
					075A35DB2BE755C3007A68BC = {
						CreatedOnToolsVersion = 15.3;
						TestTargetID = 075A35C02BE755C2007A68BC;
					};
				};
			};
			buildConfigurationList = 075A35BC2BE755C2007A68BC /* Build configuration list for PBXProject "Shaders Practice" */;
			compatibilityVersion = "Xcode 14.0";
			developmentRegion = en;
			hasScannedForEncodings = 0;
			knownRegions = (
				en,
				Base,
			);
			mainGroup = 075A35B82BE755C2007A68BC;
			productRefGroup = 075A35C22BE755C2007A68BC /* Products */;
			projectDirPath = "";
			projectRoot = "";
			targets = (
				075A35C02BE755C2007A68BC /* Shaders Practice */,
				075A35D12BE755C3007A68BC /* Shaders PracticeTests */,
				075A35DB2BE755C3007A68BC /* Shaders PracticeUITests */,
			);
		};
/* End PBXProject section */

/* Begin PBXResourcesBuildPhase section */
		075A35BF2BE755C2007A68BC /* Resources */ = {
			isa = PBXResourcesBuildPhase;
			buildActionMask = 2147483647;
			files = (
				075A35CD2BE755C3007A68BC /* Preview Assets.xcassets in Resources */,
				075A35C92BE755C3007A68BC /* Assets.xcassets in Resources */,
			);
			runOnlyForDeploymentPostprocessing = 0;
		};
		075A35D02BE755C3007A68BC /* Resources */ = {
			isa = PBXResourcesBuildPhase;
			buildActionMask = 2147483647;
			files = (
			);
			runOnlyForDeploymentPostprocessing = 0;
		};
		075A35DA2BE755C3007A68BC /* Resources */ = {
			isa = PBXResourcesBuildPhase;
			buildActionMask = 2147483647;
			files = (
			);
			runOnlyForDeploymentPostprocessing = 0;
		};
/* End PBXResourcesBuildPhase section */

/* Begin PBXSourcesBuildPhase section */
		075A35BD2BE755C2007A68BC /* Sources */ = {
			isa = PBXSourcesBuildPhase;
			buildActionMask = 2147483647;
			files = (
				075A35C72BE755C2007A68BC /* ContentView.swift in Sources */,
				075A35C52BE755C2007A68BC /* Shaders_PracticeApp.swift in Sources */,
			);
			runOnlyForDeploymentPostprocessing = 0;
		};
		075A35CE2BE755C3007A68BC /* Sources */ = {
			isa = PBXSourcesBuildPhase;
			buildActionMask = 2147483647;
			files = (
				075A35D72BE755C3007A68BC /* Shaders_PracticeTests.swift in Sources */,
			);
			runOnlyForDeploymentPostprocessing = 0;
		};
		075A35D82BE755C3007A68BC /* Sources */ = {
			isa = PBXSourcesBuildPhase;
			buildActionMask = 2147483647;
			files = (
				075A35E32BE755C3007A68BC /* Shaders_PracticeUITestsLaunchTests.swift in Sources */,
				075A35E12BE755C3007A68BC /* Shaders_PracticeUITests.swift in Sources */,
			);
			runOnlyForDeploymentPostprocessing = 0;
		};
/* End PBXSourcesBuildPhase section */

/* Begin PBXTargetDependency section */
		075A35D42BE755C3007A68BC /* PBXTargetDependency */ = {
			isa = PBXTargetDependency;
			target = 075A35C02BE755C2007A68BC /* Shaders Practice */;
			targetProxy = 075A35D32BE755C3007A68BC /* PBXContainerItemProxy */;
		};
		075A35DE2BE755C3007A68BC /* PBXTargetDependency */ = {
			isa = PBXTargetDependency;
			target = 075A35C02BE755C2007A68BC /* Shaders Practice */;
			targetProxy = 075A35DD2BE755C3007A68BC /* PBXContainerItemProxy */;
		};
/* End PBXTargetDependency section */

/* Begin XCBuildConfiguration section */
		075A35E42BE755C3007A68BC /* Debug */ = {
			isa = XCBuildConfiguration;
			buildSettings = {
				ALWAYS_SEARCH_USER_PATHS = NO;
				ASSETCATALOG_COMPILER_GENERATE_SWIFT_ASSET_SYMBOL_EXTENSIONS = YES;
				CLANG_ANALYZER_NONNULL = YES;
				CLANG_ANALYZER_NUMBER_OBJECT_CONVERSION = YES_AGGRESSIVE;
				CLANG_CXX_LANGUAGE_STANDARD = "gnu++20";
				CLANG_ENABLE_MODULES = YES;
				CLANG_ENABLE_OBJC_ARC = YES;
				CLANG_ENABLE_OBJC_WEAK = YES;
				CLANG_WARN_BLOCK_CAPTURE_AUTORELEASING = YES;
				CLANG_WARN_BOOL_CONVERSION = YES;
				CLANG_WARN_COMMA = YES;
				CLANG_WARN_CONSTANT_CONVERSION = YES;
				CLANG_WARN_DEPRECATED_OBJC_IMPLEMENTATIONS = YES;
				CLANG_WARN_DIRECT_OBJC_ISA_USAGE = YES_ERROR;
				CLANG_WARN_DOCUMENTATION_COMMENTS = YES;
				CLANG_WARN_EMPTY_BODY = YES;
				CLANG_WARN_ENUM_CONVERSION = YES;
				CLANG_WARN_INFINITE_RECURSION = YES;
				CLANG_WARN_INT_CONVERSION = YES;
				CLANG_WARN_NON_LITERAL_NULL_CONVERSION = YES;
				CLANG_WARN_OBJC_IMPLICIT_RETAIN_SELF = YES;
				CLANG_WARN_OBJC_LITERAL_CONVERSION = YES;
				CLANG_WARN_OBJC_ROOT_CLASS = YES_ERROR;
				CLANG_WARN_QUOTED_INCLUDE_IN_FRAMEWORK_HEADER = YES;
				CLANG_WARN_RANGE_LOOP_ANALYSIS = YES;
				CLANG_WARN_STRICT_PROTOTYPES = YES;
				CLANG_WARN_SUSPICIOUS_MOVE = YES;
				CLANG_WARN_UNGUARDED_AVAILABILITY = YES_AGGRESSIVE;
				CLANG_WARN_UNREACHABLE_CODE = YES;
				CLANG_WARN__DUPLICATE_METHOD_MATCH = YES;
				COPY_PHASE_STRIP = NO;
				DEBUG_INFORMATION_FORMAT = dwarf;
				ENABLE_STRICT_OBJC_MSGSEND = YES;
				ENABLE_TESTABILITY = YES;
				ENABLE_USER_SCRIPT_SANDBOXING = YES;
				GCC_C_LANGUAGE_STANDARD = gnu17;
				GCC_DYNAMIC_NO_PIC = NO;
				GCC_NO_COMMON_BLOCKS = YES;
				GCC_OPTIMIZATION_LEVEL = 0;
				GCC_PREPROCESSOR_DEFINITIONS = (
					"DEBUG=1",
					"$(inherited)",
				);
				GCC_WARN_64_TO_32_BIT_CONVERSION = YES;
				GCC_WARN_ABOUT_RETURN_TYPE = YES_ERROR;
				GCC_WARN_UNDECLARED_SELECTOR = YES;
				GCC_WARN_UNINITIALIZED_AUTOS = YES_AGGRESSIVE;
				GCC_WARN_UNUSED_FUNCTION = YES;
				GCC_WARN_UNUSED_VARIABLE = YES;
				LOCALIZATION_PREFERS_STRING_CATALOGS = YES;
				MTL_ENABLE_DEBUG_INFO = INCLUDE_SOURCE;
				MTL_FAST_MATH = YES;
				ONLY_ACTIVE_ARCH = YES;
				SWIFT_ACTIVE_COMPILATION_CONDITIONS = "DEBUG $(inherited)";
				SWIFT_OPTIMIZATION_LEVEL = "-Onone";
			};
			name = Debug;
		};
		075A35E52BE755C3007A68BC /* Release */ = {
			isa = XCBuildConfiguration;
			buildSettings = {
				ALWAYS_SEARCH_USER_PATHS = NO;
				ASSETCATALOG_COMPILER_GENERATE_SWIFT_ASSET_SYMBOL_EXTENSIONS = YES;
				CLANG_ANALYZER_NONNULL = YES;
				CLANG_ANALYZER_NUMBER_OBJECT_CONVERSION = YES_AGGRESSIVE;
				CLANG_CXX_LANGUAGE_STANDARD = "gnu++20";
				CLANG_ENABLE_MODULES = YES;
				CLANG_ENABLE_OBJC_ARC = YES;
				CLANG_ENABLE_OBJC_WEAK = YES;
				CLANG_WARN_BLOCK_CAPTURE_AUTORELEASING = YES;
				CLANG_WARN_BOOL_CONVERSION = YES;
				CLANG_WARN_COMMA = YES;
				CLANG_WARN_CONSTANT_CONVERSION = YES;
				CLANG_WARN_DEPRECATED_OBJC_IMPLEMENTATIONS = YES;
				CLANG_WARN_DIRECT_OBJC_ISA_USAGE = YES_ERROR;
				CLANG_WARN_DOCUMENTATION_COMMENTS = YES;
				CLANG_WARN_EMPTY_BODY = YES;
				CLANG_WARN_ENUM_CONVERSION = YES;
				CLANG_WARN_INFINITE_RECURSION = YES;
				CLANG_WARN_INT_CONVERSION = YES;
				CLANG_WARN_NON_LITERAL_NULL_CONVERSION = YES;
				CLANG_WARN_OBJC_IMPLICIT_RETAIN_SELF = YES;
				CLANG_WARN_OBJC_LITERAL_CONVERSION = YES;
				CLANG_WARN_OBJC_ROOT_CLASS = YES_ERROR;
				CLANG_WARN_QUOTED_INCLUDE_IN_FRAMEWORK_HEADER = YES;
				CLANG_WARN_RANGE_LOOP_ANALYSIS = YES;
				CLANG_WARN_STRICT_PROTOTYPES = YES;
				CLANG_WARN_SUSPICIOUS_MOVE = YES;
				CLANG_WARN_UNGUARDED_AVAILABILITY = YES_AGGRESSIVE;
				CLANG_WARN_UNREACHABLE_CODE = YES;
				CLANG_WARN__DUPLICATE_METHOD_MATCH = YES;
				COPY_PHASE_STRIP = NO;
				DEBUG_INFORMATION_FORMAT = "dwarf-with-dsym";
				ENABLE_NS_ASSERTIONS = NO;
				ENABLE_STRICT_OBJC_MSGSEND = YES;
				ENABLE_USER_SCRIPT_SANDBOXING = YES;
				GCC_C_LANGUAGE_STANDARD = gnu17;
				GCC_NO_COMMON_BLOCKS = YES;
				GCC_WARN_64_TO_32_BIT_CONVERSION = YES;
				GCC_WARN_ABOUT_RETURN_TYPE = YES_ERROR;
				GCC_WARN_UNDECLARED_SELECTOR = YES;
				GCC_WARN_UNINITIALIZED_AUTOS = YES_AGGRESSIVE;
				GCC_WARN_UNUSED_FUNCTION = YES;
				GCC_WARN_UNUSED_VARIABLE = YES;
				LOCALIZATION_PREFERS_STRING_CATALOGS = YES;
				MTL_ENABLE_DEBUG_INFO = NO;
				MTL_FAST_MATH = YES;
				SWIFT_COMPILATION_MODE = wholemodule;
			};
			name = Release;
		};
		075A35E72BE755C3007A68BC /* Debug */ = {
			isa = XCBuildConfiguration;
			buildSettings = {
				ASSETCATALOG_COMPILER_APPICON_NAME = AppIcon;
				ASSETCATALOG_COMPILER_GLOBAL_ACCENT_COLOR_NAME = AccentColor;
				CODE_SIGN_ENTITLEMENTS = "Shaders Practice/Shaders_Practice.entitlements";
				CODE_SIGN_STYLE = Automatic;
				CURRENT_PROJECT_VERSION = 1;
				DEVELOPMENT_ASSET_PATHS = "\"Shaders Practice/Preview Content\"";
				ENABLE_PREVIEWS = YES;
				GENERATE_INFOPLIST_FILE = YES;
				"INFOPLIST_KEY_UIApplicationSceneManifest_Generation[sdk=iphoneos*]" = YES;
				"INFOPLIST_KEY_UIApplicationSceneManifest_Generation[sdk=iphonesimulator*]" = YES;
				"INFOPLIST_KEY_UIApplicationSupportsIndirectInputEvents[sdk=iphoneos*]" = YES;
				"INFOPLIST_KEY_UIApplicationSupportsIndirectInputEvents[sdk=iphonesimulator*]" = YES;
				"INFOPLIST_KEY_UILaunchScreen_Generation[sdk=iphoneos*]" = YES;
				"INFOPLIST_KEY_UILaunchScreen_Generation[sdk=iphonesimulator*]" = YES;
				"INFOPLIST_KEY_UIStatusBarStyle[sdk=iphoneos*]" = UIStatusBarStyleDefault;
				"INFOPLIST_KEY_UIStatusBarStyle[sdk=iphonesimulator*]" = UIStatusBarStyleDefault;
				INFOPLIST_KEY_UISupportedInterfaceOrientations_iPad = "UIInterfaceOrientationPortrait UIInterfaceOrientationPortraitUpsideDown UIInterfaceOrientationLandscapeLeft UIInterfaceOrientationLandscapeRight";
				INFOPLIST_KEY_UISupportedInterfaceOrientations_iPhone = "UIInterfaceOrientationPortrait UIInterfaceOrientationLandscapeLeft UIInterfaceOrientationLandscapeRight";
				IPHONEOS_DEPLOYMENT_TARGET = 17.4;
				LD_RUNPATH_SEARCH_PATHS = "@executable_path/Frameworks";
				"LD_RUNPATH_SEARCH_PATHS[sdk=macosx*]" = "@executable_path/../Frameworks";
				MACOSX_DEPLOYMENT_TARGET = 14.4;
				MARKETING_VERSION = 1.0;
				PRODUCT_BUNDLE_IDENTIFIER = "com.ayushsinghal.Shaders-Practice";
				PRODUCT_NAME = "$(TARGET_NAME)";
				SDKROOT = auto;
				SUPPORTED_PLATFORMS = "iphoneos iphonesimulator macosx";
				SWIFT_EMIT_LOC_STRINGS = YES;
				SWIFT_VERSION = 5.0;
				TARGETED_DEVICE_FAMILY = "1,2";
			};
			name = Debug;
		};
		075A35E82BE755C3007A68BC /* Release */ = {
			isa = XCBuildConfiguration;
			buildSettings = {
				ASSETCATALOG_COMPILER_APPICON_NAME = AppIcon;
				ASSETCATALOG_COMPILER_GLOBAL_ACCENT_COLOR_NAME = AccentColor;
				CODE_SIGN_ENTITLEMENTS = "Shaders Practice/Shaders_Practice.entitlements";
				CODE_SIGN_STYLE = Automatic;
				CURRENT_PROJECT_VERSION = 1;
				DEVELOPMENT_ASSET_PATHS = "\"Shaders Practice/Preview Content\"";
				ENABLE_PREVIEWS = YES;
				GENERATE_INFOPLIST_FILE = YES;
				"INFOPLIST_KEY_UIApplicationSceneManifest_Generation[sdk=iphoneos*]" = YES;
				"INFOPLIST_KEY_UIApplicationSceneManifest_Generation[sdk=iphonesimulator*]" = YES;
				"INFOPLIST_KEY_UIApplicationSupportsIndirectInputEvents[sdk=iphoneos*]" = YES;
				"INFOPLIST_KEY_UIApplicationSupportsIndirectInputEvents[sdk=iphonesimulator*]" = YES;
				"INFOPLIST_KEY_UILaunchScreen_Generation[sdk=iphoneos*]" = YES;
				"INFOPLIST_KEY_UILaunchScreen_Generation[sdk=iphonesimulator*]" = YES;
				"INFOPLIST_KEY_UIStatusBarStyle[sdk=iphoneos*]" = UIStatusBarStyleDefault;
				"INFOPLIST_KEY_UIStatusBarStyle[sdk=iphonesimulator*]" = UIStatusBarStyleDefault;
				INFOPLIST_KEY_UISupportedInterfaceOrientations_iPad = "UIInterfaceOrientationPortrait UIInterfaceOrientationPortraitUpsideDown UIInterfaceOrientationLandscapeLeft UIInterfaceOrientationLandscapeRight";
				INFOPLIST_KEY_UISupportedInterfaceOrientations_iPhone = "UIInterfaceOrientationPortrait UIInterfaceOrientationLandscapeLeft UIInterfaceOrientationLandscapeRight";
				IPHONEOS_DEPLOYMENT_TARGET = 17.4;
				LD_RUNPATH_SEARCH_PATHS = "@executable_path/Frameworks";
				"LD_RUNPATH_SEARCH_PATHS[sdk=macosx*]" = "@executable_path/../Frameworks";
				MACOSX_DEPLOYMENT_TARGET = 14.4;
				MARKETING_VERSION = 1.0;
				PRODUCT_BUNDLE_IDENTIFIER = "com.ayushsinghal.Shaders-Practice";
				PRODUCT_NAME = "$(TARGET_NAME)";
				SDKROOT = auto;
				SUPPORTED_PLATFORMS = "iphoneos iphonesimulator macosx";
				SWIFT_EMIT_LOC_STRINGS = YES;
				SWIFT_VERSION = 5.0;
				TARGETED_DEVICE_FAMILY = "1,2";
			};
			name = Release;
		};
		075A35EA2BE755C3007A68BC /* Debug */ = {
			isa = XCBuildConfiguration;
			buildSettings = {
				ALWAYS_EMBED_SWIFT_STANDARD_LIBRARIES = YES;
				BUNDLE_LOADER = "$(TEST_HOST)";
				CODE_SIGN_STYLE = Automatic;
				CURRENT_PROJECT_VERSION = 1;
				GENERATE_INFOPLIST_FILE = YES;
				IPHONEOS_DEPLOYMENT_TARGET = 17.4;
				MACOSX_DEPLOYMENT_TARGET = 14.4;
				MARKETING_VERSION = 1.0;
				PRODUCT_BUNDLE_IDENTIFIER = "com.ayushsinghal.Shaders-PracticeTests";
				PRODUCT_NAME = "$(TARGET_NAME)";
				SDKROOT = auto;
				SUPPORTED_PLATFORMS = "iphoneos iphonesimulator macosx";
				SWIFT_EMIT_LOC_STRINGS = NO;
				SWIFT_VERSION = 5.0;
				TARGETED_DEVICE_FAMILY = "1,2";
				TEST_HOST = "$(BUILT_PRODUCTS_DIR)/Shaders Practice.app/$(BUNDLE_EXECUTABLE_FOLDER_PATH)/Shaders Practice";
			};
			name = Debug;
		};
		075A35EB2BE755C3007A68BC /* Release */ = {
			isa = XCBuildConfiguration;
			buildSettings = {
				ALWAYS_EMBED_SWIFT_STANDARD_LIBRARIES = YES;
				BUNDLE_LOADER = "$(TEST_HOST)";
				CODE_SIGN_STYLE = Automatic;
				CURRENT_PROJECT_VERSION = 1;
				GENERATE_INFOPLIST_FILE = YES;
				IPHONEOS_DEPLOYMENT_TARGET = 17.4;
				MACOSX_DEPLOYMENT_TARGET = 14.4;
				MARKETING_VERSION = 1.0;
				PRODUCT_BUNDLE_IDENTIFIER = "com.ayushsinghal.Shaders-PracticeTests";
				PRODUCT_NAME = "$(TARGET_NAME)";
				SDKROOT = auto;
				SUPPORTED_PLATFORMS = "iphoneos iphonesimulator macosx";
				SWIFT_EMIT_LOC_STRINGS = NO;
				SWIFT_VERSION = 5.0;
				TARGETED_DEVICE_FAMILY = "1,2";
				TEST_HOST = "$(BUILT_PRODUCTS_DIR)/Shaders Practice.app/$(BUNDLE_EXECUTABLE_FOLDER_PATH)/Shaders Practice";
			};
			name = Release;
		};
		075A35ED2BE755C3007A68BC /* Debug */ = {
			isa = XCBuildConfiguration;
			buildSettings = {
				ALWAYS_EMBED_SWIFT_STANDARD_LIBRARIES = YES;
				CODE_SIGN_STYLE = Automatic;
				CURRENT_PROJECT_VERSION = 1;
				GENERATE_INFOPLIST_FILE = YES;
				IPHONEOS_DEPLOYMENT_TARGET = 17.4;
				MACOSX_DEPLOYMENT_TARGET = 14.4;
				MARKETING_VERSION = 1.0;
				PRODUCT_BUNDLE_IDENTIFIER = "com.ayushsinghal.Shaders-PracticeUITests";
				PRODUCT_NAME = "$(TARGET_NAME)";
				SDKROOT = auto;
				SUPPORTED_PLATFORMS = "iphoneos iphonesimulator macosx";
				SWIFT_EMIT_LOC_STRINGS = NO;
				SWIFT_VERSION = 5.0;
				TARGETED_DEVICE_FAMILY = "1,2";
				TEST_TARGET_NAME = "Shaders Practice";
			};
			name = Debug;
		};
		075A35EE2BE755C3007A68BC /* Release */ = {
			isa = XCBuildConfiguration;
			buildSettings = {
				ALWAYS_EMBED_SWIFT_STANDARD_LIBRARIES = YES;
				CODE_SIGN_STYLE = Automatic;
				CURRENT_PROJECT_VERSION = 1;
				GENERATE_INFOPLIST_FILE = YES;
				IPHONEOS_DEPLOYMENT_TARGET = 17.4;
				MACOSX_DEPLOYMENT_TARGET = 14.4;
				MARKETING_VERSION = 1.0;
				PRODUCT_BUNDLE_IDENTIFIER = "com.ayushsinghal.Shaders-PracticeUITests";
				PRODUCT_NAME = "$(TARGET_NAME)";
				SDKROOT = auto;
				SUPPORTED_PLATFORMS = "iphoneos iphonesimulator macosx";
				SWIFT_EMIT_LOC_STRINGS = NO;
				SWIFT_VERSION = 5.0;
				TARGETED_DEVICE_FAMILY = "1,2";
				TEST_TARGET_NAME = "Shaders Practice";
			};
			name = Release;
		};
/* End XCBuildConfiguration section */

/* Begin XCConfigurationList section */
		075A35BC2BE755C2007A68BC /* Build configuration list for PBXProject "Shaders Practice" */ = {
			isa = XCConfigurationList;
			buildConfigurations = (
				075A35E42BE755C3007A68BC /* Debug */,
				075A35E52BE755C3007A68BC /* Release */,
			);
			defaultConfigurationIsVisible = 0;
			defaultConfigurationName = Release;
		};
		075A35E62BE755C3007A68BC /* Build configuration list for PBXNativeTarget "Shaders Practice" */ = {
			isa = XCConfigurationList;
			buildConfigurations = (
				075A35E72BE755C3007A68BC /* Debug */,
				075A35E82BE755C3007A68BC /* Release */,
			);
			defaultConfigurationIsVisible = 0;
			defaultConfigurationName = Release;
		};
		075A35E92BE755C3007A68BC /* Build configuration list for PBXNativeTarget "Shaders PracticeTests" */ = {
			isa = XCConfigurationList;
			buildConfigurations = (
				075A35EA2BE755C3007A68BC /* Debug */,
				075A35EB2BE755C3007A68BC /* Release */,
			);
			defaultConfigurationIsVisible = 0;
			defaultConfigurationName = Release;
		};
		075A35EC2BE755C3007A68BC /* Build configuration list for PBXNativeTarget "Shaders PracticeUITests" */ = {
			isa = XCConfigurationList;
			buildConfigurations = (
				075A35ED2BE755C3007A68BC /* Debug */,
				075A35EE2BE755C3007A68BC /* Release */,
			);
			defaultConfigurationIsVisible = 0;
			defaultConfigurationName = Release;
		};
/* End XCConfigurationList section */
	};
	rootObject = 075A35B92BE755C2007A68BC /* Project object */;
}
